
Microsoft Visual Studio Solution File, Format Version 12.00
# Visual Studio Version 16
VisualStudioVersion = 16.0.30114.105
MinimumVisualStudioVersion = 10.0.40219.1
Project("{FAE04EC0-301F-11D3-BF4B-00C04F79EFBC}") = "BabelDeobfuscator", "BabelDeobfuscator.csproj", "{721F99BF-66D0-478F-A72C-F2F6F4C21C18}"
EndProject
Global
	GlobalSection(SolutionConfigurationPlatforms) = preSolution
		Debug|x64 = Debug|x64
		Release|x64 = Release|x64
	EndGlobalSection
	GlobalSection(ProjectConfigurationPlatforms) = postSolution
		{721F99BF-66D0-478F-A72C-F2F6F4C21C18}.Debug|x64.ActiveCfg = Debug|x64
		{721F99BF-66D0-478F-A72C-F2F6F4C21C18}.Debug|x64.Build.0 = Debug|x64
		{721F99BF-66D0-478F-A72C-F2F6F4C21C18}.Release|x64.ActiveCfg = Release|x64
		{721F99BF-66D0-478F-A72C-F2F6F4C21C18}.Release|x64.Build.0 = Release|x64
	EndGlobalSection
	GlobalSection(SolutionProperties) = preSolution
		HideSolutionNode = FALSE
	EndGlobalSection
	GlobalSection(ExtensibilityGlobals) = postSolution
		SolutionGuid = {9F41A17B-99B5-450C-B259-457444A59817}
	EndGlobalSection
EndGlobal
